
Microsoft Visual Studio Solution File, Format Version 12.00
# Visual Studio 15
VisualStudioVersion = 15.0.28307.1082
MinimumVisualStudioVersion = 10.0.40219.1
Project("{151D2E53-A2C4-4D7D-83FE-D05416EBD58E}") = "LogicAppResources", "LogicAppResources\LogicAppResources.deployproj", "{3FD09D96-14CE-43EA-9029-9983B1126527}"
EndProject
Project("{151D2E53-A2C4-4D7D-83FE-D05416EBD58E}") = "VMSqlResources", "VMSqlResources\VMSqlResources.deployproj", "{55632FC5-8F2C-4658-8752-48B989CE6462}"
EndProject
Project("{151D2E53-A2C4-4D7D-83FE-D05416EBD58E}") = "ProjectLogicApp-01", "ProjectLogicApp-01\ProjectLogicApp-01.deployproj", "{66232324-2BC8-437C-A045-F8E0AB77FF8F}"
EndProject
Global
	GlobalSection(SolutionConfigurationPlatforms) = preSolution
		Debug|Any CPU = Debug|Any CPU
		Release|Any CPU = Release|Any CPU
	EndGlobalSection
	GlobalSection(ProjectConfigurationPlatforms) = postSolution
		{3FD09D96-14CE-43EA-9029-9983B1126527}.Debug|Any CPU.ActiveCfg = Debug|Any CPU
		{3FD09D96-14CE-43EA-9029-9983B1126527}.Debug|Any CPU.Build.0 = Debug|Any CPU
		{3FD09D96-14CE-43EA-9029-9983B1126527}.Release|Any CPU.ActiveCfg = Release|Any CPU
		{3FD09D96-14CE-43EA-9029-9983B1126527}.Release|Any CPU.Build.0 = Release|Any CPU
		{55632FC5-8F2C-4658-8752-48B989CE6462}.Debug|Any CPU.ActiveCfg = Debug|Any CPU
		{55632FC5-8F2C-4658-8752-48B989CE6462}.Debug|Any CPU.Build.0 = Debug|Any CPU
		{55632FC5-8F2C-4658-8752-48B989CE6462}.Release|Any CPU.ActiveCfg = Release|Any CPU
		{55632FC5-8F2C-4658-8752-48B989CE6462}.Release|Any CPU.Build.0 = Release|Any CPU
		{66232324-2BC8-437C-A045-F8E0AB77FF8F}.Debug|Any CPU.ActiveCfg = Debug|Any CPU
		{66232324-2BC8-437C-A045-F8E0AB77FF8F}.Debug|Any CPU.Build.0 = Debug|Any CPU
		{66232324-2BC8-437C-A045-F8E0AB77FF8F}.Release|Any CPU.ActiveCfg = Release|Any CPU
		{66232324-2BC8-437C-A045-F8E0AB77FF8F}.Release|Any CPU.Build.0 = Release|Any CPU
	EndGlobalSection
	GlobalSection(SolutionProperties) = preSolution
		HideSolutionNode = FALSE
	EndGlobalSection
	GlobalSection(ExtensibilityGlobals) = postSolution
		SolutionGuid = {871BD145-51BF-4D49-B926-80D68E1E0D02}
	EndGlobalSection
EndGlobal
